
Microsoft Visual Studio Solution File, Format Version 12.00
# Visual Studio Version 17
VisualStudioVersion = 17.4.33403.182
MinimumVisualStudioVersion = 10.0.40219.1
Project("{FAE04EC0-301F-11D3-BF4B-00C04F79EFBC}") = "LABORATORIO.Consuelo Gloribel Castro Alberto", "LABORATORIO.Consuelo Gloribel Castro Alberto\LABORATORIO.Consuelo Gloribel Castro Alberto.csproj", "{2E759EC0-4CBB-47EE-8FCA-B7F2D47FF798}"
EndProject
Global
	GlobalSection(SolutionConfigurationPlatforms) = preSolution
		Debug|Any CPU = Debug|Any CPU
		Release|Any CPU = Release|Any CPU
	EndGlobalSection
	GlobalSection(ProjectConfigurationPlatforms) = postSolution
		{2E759EC0-4CBB-47EE-8FCA-B7F2D47FF798}.Debug|Any CPU.ActiveCfg = Debug|Any CPU
		{2E759EC0-4CBB-47EE-8FCA-B7F2D47FF798}.Debug|Any CPU.Build.0 = Debug|Any CPU
		{2E759EC0-4CBB-47EE-8FCA-B7F2D47FF798}.Release|Any CPU.ActiveCfg = Release|Any CPU
		{2E759EC0-4CBB-47EE-8FCA-B7F2D47FF798}.Release|Any CPU.Build.0 = Release|Any CPU
	EndGlobalSection
	GlobalSection(SolutionProperties) = preSolution
		HideSolutionNode = FALSE
	EndGlobalSection
	GlobalSection(ExtensibilityGlobals) = postSolution
		SolutionGuid = {E0E094DA-141C-40C8-8632-3DBEBE1FCC4F}
	EndGlobalSection
EndGlobal
